Microsoft Visual Studio Solution File, Format Version 11.00
# Visual Studio 2008

Project("{9D68DCA2-A95D-AF2A-8F88-AFBB84E33EAF}") = "RunWithCash", "Assembly-CSharp.csproj", "{A893D426-87D0-B112-3C57-09C5875F3FAE}"
EndProject
Global
	GlobalSection(SolutionConfigurationPlatforms) = preSolution
		Debug|Any CPU = Debug|Any CPU
		Release|Any CPU = Release|Any CPU
	EndGlobalSection
	GlobalSection(ProjectConfigurationPlatforms) = postSolution
		{A893D426-87D0-B112-3C57-09C5875F3FAE}.Debug|Any CPU.ActiveCfg = Debug|Any CPU
		{A893D426-87D0-B112-3C57-09C5875F3FAE}.Debug|Any CPU.Build.0 = Debug|Any CPU
		{A893D426-87D0-B112-3C57-09C5875F3FAE}.Release|Any CPU.ActiveCfg = Release|Any CPU
		{A893D426-87D0-B112-3C57-09C5875F3FAE}.Release|Any CPU.Build.0 = Release|Any CPU
	EndGlobalSection
	GlobalSection(SolutionProperties) = preSolution
		HideSolutionNode = FALSE
	EndGlobalSection
	GlobalSection(MonoDevelopProperties) = preSolution
		StartupItem = Assembly-CSharp.csproj
	EndGlobalSection
EndGlobal
